
Microsoft Visual Studio Solution File, Format Version 12.00
# Visual Studio Version 16
VisualStudioVersion = 16.0.31402.337
MinimumVisualStudioVersion = 10.0.40219.1
Project("{FAE04EC0-301F-11D3-BF4B-00C04F79EFBC}") = "TP.EF.UI", "TP.EF.UI\TP.EF.UI.csproj", "{6FCD2C67-D3E8-4AFC-980F-8D7FF1C2A451}"
EndProject
Project("{FAE04EC0-301F-11D3-BF4B-00C04F79EFBC}") = "TP.EF.Logic", "TP.EF.Logic\TP.EF.Logic.csproj", "{186E10D6-36FC-443F-AE64-AA0F9A16FE4F}"
EndProject
Project("{FAE04EC0-301F-11D3-BF4B-00C04F79EFBC}") = "TP.EF.Data", "TP.EF.Data\TP.EF.Data.csproj", "{81D68A6E-06DE-48C5-8172-8442FD41B557}"
EndProject
Project("{FAE04EC0-301F-11D3-BF4B-00C04F79EFBC}") = "TP.EF.Entities", "TP.EF.Entidades\TP.EF.Entities.csproj", "{2ECCC3EC-0CEB-4B9D-9489-C5C556DDBA16}"
EndProject
Project("{FAE04EC0-301F-11D3-BF4B-00C04F79EFBC}") = "TP.MVC", "TP.MVC\TP.MVC.csproj", "{96477A85-C4FC-487D-BC92-814D35BB5592}"
EndProject
Project("{FAE04EC0-301F-11D3-BF4B-00C04F79EFBC}") = "TP.WEBAPI", "TP.WEBAPI\TP.WEBAPI.csproj", "{A0CCA25F-1865-43BD-ABC4-4F5317DD01F1}"
EndProject
Global
	GlobalSection(SolutionConfigurationPlatforms) = preSolution
		Debug|Any CPU = Debug|Any CPU
		Release|Any CPU = Release|Any CPU
	EndGlobalSection
	GlobalSection(ProjectConfigurationPlatforms) = postSolution
		{6FCD2C67-D3E8-4AFC-980F-8D7FF1C2A451}.Debug|Any CPU.ActiveCfg = Debug|Any CPU
		{6FCD2C67-D3E8-4AFC-980F-8D7FF1C2A451}.Debug|Any CPU.Build.0 = Debug|Any CPU
		{6FCD2C67-D3E8-4AFC-980F-8D7FF1C2A451}.Release|Any CPU.ActiveCfg = Release|Any CPU
		{6FCD2C67-D3E8-4AFC-980F-8D7FF1C2A451}.Release|Any CPU.Build.0 = Release|Any CPU
		{186E10D6-36FC-443F-AE64-AA0F9A16FE4F}.Debug|Any CPU.ActiveCfg = Debug|Any CPU
		{186E10D6-36FC-443F-AE64-AA0F9A16FE4F}.Debug|Any CPU.Build.0 = Debug|Any CPU
		{186E10D6-36FC-443F-AE64-AA0F9A16FE4F}.Release|Any CPU.ActiveCfg = Release|Any CPU
		{186E10D6-36FC-443F-AE64-AA0F9A16FE4F}.Release|Any CPU.Build.0 = Release|Any CPU
		{81D68A6E-06DE-48C5-8172-8442FD41B557}.Debug|Any CPU.ActiveCfg = Debug|Any CPU
		{81D68A6E-06DE-48C5-8172-8442FD41B557}.Debug|Any CPU.Build.0 = Debug|Any CPU
		{81D68A6E-06DE-48C5-8172-8442FD41B557}.Release|Any CPU.ActiveCfg = Release|Any CPU
		{81D68A6E-06DE-48C5-8172-8442FD41B557}.Release|Any CPU.Build.0 = Release|Any CPU
		{2ECCC3EC-0CEB-4B9D-9489-C5C556DDBA16}.Debug|Any CPU.ActiveCfg = Debug|Any CPU
		{2ECCC3EC-0CEB-4B9D-9489-C5C556DDBA16}.Debug|Any CPU.Build.0 = Debug|Any CPU
		{2ECCC3EC-0CEB-4B9D-9489-C5C556DDBA16}.Release|Any CPU.ActiveCfg = Release|Any CPU
		{2ECCC3EC-0CEB-4B9D-9489-C5C556DDBA16}.Release|Any CPU.Build.0 = Release|Any CPU
		{96477A85-C4FC-487D-BC92-814D35BB5592}.Debug|Any CPU.ActiveCfg = Debug|Any CPU
		{96477A85-C4FC-487D-BC92-814D35BB5592}.Debug|Any CPU.Build.0 = Debug|Any CPU
		{96477A85-C4FC-487D-BC92-814D35BB5592}.Release|Any CPU.ActiveCfg = Release|Any CPU
		{96477A85-C4FC-487D-BC92-814D35BB5592}.Release|Any CPU.Build.0 = Release|Any CPU
		{A0CCA25F-1865-43BD-ABC4-4F5317DD01F1}.Debug|Any CPU.ActiveCfg = Debug|Any CPU
		{A0CCA25F-1865-43BD-ABC4-4F5317DD01F1}.Debug|Any CPU.Build.0 = Debug|Any CPU
		{A0CCA25F-1865-43BD-ABC4-4F5317DD01F1}.Release|Any CPU.ActiveCfg = Release|Any CPU
		{A0CCA25F-1865-43BD-ABC4-4F5317DD01F1}.Release|Any CPU.Build.0 = Release|Any CPU
	EndGlobalSection
	GlobalSection(SolutionProperties) = preSolution
		HideSolutionNode = FALSE
	EndGlobalSection
	GlobalSection(ExtensibilityGlobals) = postSolution
		SolutionGuid = {F024FC23-FBCE-43E1-B515-8C860A11BB40}
	EndGlobalSection
EndGlobal
